{
  "requires": true,
  "lockfileVersion": 1,
  "dependencies": {
    "bulma": {
      "version": "0.7.2",
      "resolved": "https://registry.npmjs.org/bulma/-/bulma-0.7.2.tgz",
      "integrity": "sha512-6JHEu8U/1xsyOst/El5ImLcZIiE2JFXgvrz8GGWbnDLwTNRPJzdAM0aoUM1Ns0avALcVb6KZz9NhzmU53dGDcQ==",
      "dev": true
    },
    "classnames": {
      "version": "2.2.6",
      "resolved": "https://registry.npmjs.org/classnames/-/classnames-2.2.6.tgz",
      "integrity": "sha512-JR/iSQOSt+LQIWwrwEzJ9uk0xfN3mTVYMwt1Ir5mUcSN6pU+V4zQFFaJsclJbPuAUQH+yfWef6tm7l1quW3C8Q=="
    },
    "flux-standard-action": {
      "version": "2.0.3",
      "resolved": "https://registry.npmjs.org/flux-standard-action/-/flux-standard-action-2.0.3.tgz",
      "integrity": "sha512-HR2IjMkqJreoFm1Hx7hmMAtUFeo+ad8hPMYPo8o3YSWjbSq0sMwuXMbv4giB3TXngYB7+svkAJewQwwvwsE6xw==",
      "requires": {
        "lodash": "^4.0.0"
      }
    },
    "is-promise": {
      "version": "2.1.0",
      "resolved": "https://registry.npmjs.org/is-promise/-/is-promise-2.1.0.tgz",
      "integrity": "sha1-eaKp7OfwlugPNtKy87wWwf9L8/o="
    },
    "js-tokens": {
      "version": "4.0.0",
      "resolved": "https://registry.npmjs.org/js-tokens/-/js-tokens-4.0.0.tgz",
      "integrity": "sha512-RdJUflcE3cUzKiMqQgsCu06FPu9UdIJO0beYbPhHN4k6apgJtifcoCtT9bcxOpYBtpD2kCM6Sbzg4CausW/PKQ=="
    },
    "lodash": {
      "version": "4.17.11",
      "resolved": "https://registry.npmjs.org/lodash/-/lodash-4.17.11.tgz",
      "integrity": "sha512-cQKh8igo5QUhZ7lg38DYWAxMvjSAKG0A8wGSVimP07SIUEK2UO+arSRKbRZWtelMtN5V0Hkwh5ryOto/SshYIg=="
    },
    "loose-envify": {
      "version": "1.4.0",
      "resolved": "https://registry.npmjs.org/loose-envify/-/loose-envify-1.4.0.tgz",
      "integrity": "sha512-lyuxPGr/Wfhrlem2CL/UcnUc1zcqKAImBDzukY7Y5F/yQiNdko6+fRLevlw1HgMySw7f611UIY408EtxRSoK3Q==",
      "requires": {
        "js-tokens": "^3.0.0 || ^4.0.0"
      }
    },
    "node-uuid": {
      "version": "1.4.8",
      "resolved": "https://registry.npmjs.org/node-uuid/-/node-uuid-1.4.8.tgz",
      "integrity": "sha1-sEDrCSOWivq/jTL7HxfxFn/auQc="
    },
    "object-assign": {
      "version": "4.1.1",
      "resolved": "https://registry.npmjs.org/object-assign/-/object-assign-4.1.1.tgz",
      "integrity": "sha1-IQmtx5ZYh8/AXLvUQsrIv7s2CGM="
    },
    "prop-types": {
      "version": "15.6.2",
      "resolved": "https://registry.npmjs.org/prop-types/-/prop-types-15.6.2.tgz",
      "integrity": "sha512-3pboPvLiWD7dkI3qf3KbUe6hKFKa52w+AE0VCqECtf+QHAKgOL37tTaNCnuX1nAAQ4ZhyP+kYVKf8rLmJ/feDQ==",
      "requires": {
        "loose-envify": "^1.3.1",
        "object-assign": "^4.1.1"
      }
    },
    "react-bulma-components": {
      "version": "2.2.0",
      "resolved": "https://registry.npmjs.org/react-bulma-components/-/react-bulma-components-2.2.0.tgz",
      "integrity": "sha512-2a2zqkgI7UcRrI7n068PwpEDprgv2OD6qO+d8M72Qrn18JFd3fH0KdfFZqztUctLJUnMWRQsY7d4oLdsUSbnzA==",
      "requires": {
        "bulma": "0.7.1",
        "classnames": "2.2.6"
      },
      "dependencies": {
        "bulma": {
          "version": "0.7.1",
          "resolved": "https://registry.npmjs.org/bulma/-/bulma-0.7.1.tgz",
          "integrity": "sha512-wRSO2LXB+qI9Pyz2id+uZr4quz5aftSN7Ay1ysr1+krzVp3utD+Ci4CeKuZdrYGc800t65b7heXBL6qw2Wo/lQ=="
        }
      }
    },
    "redux": {
      "version": "4.0.1",
      "resolved": "https://registry.npmjs.org/redux/-/redux-4.0.1.tgz",
      "integrity": "sha512-R7bAtSkk7nY6O/OYMVR9RiBI+XghjF9rlbl5806HJbQph0LJVHZrU5oaO4q70eUKiqMRqm4y07KLTlMZ2BlVmg==",
      "dev": true,
      "requires": {
        "loose-envify": "^1.4.0",
        "symbol-observable": "^1.2.0"
      }
    },
    "redux-promise": {
      "version": "0.6.0",
      "resolved": "https://registry.npmjs.org/redux-promise/-/redux-promise-0.6.0.tgz",
      "integrity": "sha512-R2mGxJbPFgXyCNbFDE6LjTZhCEuACF54g1bxld3nqBhnRMX0OsUyWk77moF7UMGkUdl5WOAwc4BC5jOd1dunqQ==",
      "requires": {
        "flux-standard-action": "^2.0.3",
        "is-promise": "^2.1.0"
      }
    },
    "redux-thunk": {
      "version": "2.3.0",
      "resolved": "https://registry.npmjs.org/redux-thunk/-/redux-thunk-2.3.0.tgz",
      "integrity": "sha512-km6dclyFnmcvxhAcrQV2AkZmPQjzPDjgVlQtR0EQjxZPyJ0BnMf3in1ryuR8A2qU0HldVRfxYXbFSKlI3N7Slw=="
    },
    "symbol-observable": {
      "version": "1.2.0",
      "resolved": "https://registry.npmjs.org/symbol-observable/-/symbol-observable-1.2.0.tgz",
      "integrity": "sha512-e900nM8RRtGhlV36KGEU9k65K3mPb1WV70OdjfxlG2EAuM1noi/E/BaW/uMhL7bPEssK8QV57vN3esixjUvcXQ==",
      "dev": true
    },
    "uuid": {
      "version": "3.3.2",
      "resolved": "https://registry.npmjs.org/uuid/-/uuid-3.3.2.tgz",
      "integrity": "sha512-yXJmeNaw3DnnKAOKJE51sL/ZaYfWJRl1pK9dr19YFCu0ObS231AB1/LbqTKRAQ5kw8A90rA6fr4riOUpTZvQZA=="
    }
  }
}
