{
  "requires": true,
  "lockfileVersion": 1,
  "dependencies": {
    "jwt-simple": {
      "version": "0.5.5",
      "resolved": "https://registry.npmjs.org/jwt-simple/-/jwt-simple-0.5.5.tgz",
      "integrity": "sha512-KEyanRIDHooo8KuBxY3CC019NbwHtxdsxzRJUfaGqcxMrvBPBkosN+RUxx1nZFI6yrErq3KTW8HI/qrNIxHe0g=="
    }
  }
}
